
Microsoft Visual Studio Solution File, Format Version 12.00
Project("{FAE04EC0-301F-11D3-BF4B-00C04F79EFBC}") = "Nethereum.Blazor.Metamask.Abstractions", "Nethereum.Blazor.Metamask.Abstractions\Nethereum.Blazor.Metamask.Abstractions.csproj", "{9389EC6F-C859-49FD-A2FA-C777C230FE0B}"
EndProject
Project("{FAE04EC0-301F-11D3-BF4B-00C04F79EFBC}") = "Nethereum.Blazor.Metamask.ExampleApp", "Nethereum.Blazor.Metamask.ExampleApp\Nethereum.Blazor.Metamask.ExampleApp.csproj", "{4A36B168-4ED6-4F50-A2E8-1054D9F0C78D}"
EndProject
Project("{FAE04EC0-301F-11D3-BF4B-00C04F79EFBC}") = "Nethereum.Blazor.Metamask", "Nethereum.Blazor.Metamask\Nethereum.Blazor.Metamask.csproj", "{6BFDB0D8-8A03-4E46-9CCE-56CABD2B08FA}"
EndProject
Global
	GlobalSection(SolutionConfigurationPlatforms) = preSolution
		Debug|Any CPU = Debug|Any CPU
		Release|Any CPU = Release|Any CPU
	EndGlobalSection
	GlobalSection(ProjectConfigurationPlatforms) = postSolution
		{9389EC6F-C859-49FD-A2FA-C777C230FE0B}.Debug|Any CPU.ActiveCfg = Debug|Any CPU
		{9389EC6F-C859-49FD-A2FA-C777C230FE0B}.Debug|Any CPU.Build.0 = Debug|Any CPU
		{9389EC6F-C859-49FD-A2FA-C777C230FE0B}.Release|Any CPU.ActiveCfg = Release|Any CPU
		{9389EC6F-C859-49FD-A2FA-C777C230FE0B}.Release|Any CPU.Build.0 = Release|Any CPU
		{4A36B168-4ED6-4F50-A2E8-1054D9F0C78D}.Debug|Any CPU.ActiveCfg = Debug|Any CPU
		{4A36B168-4ED6-4F50-A2E8-1054D9F0C78D}.Debug|Any CPU.Build.0 = Debug|Any CPU
		{4A36B168-4ED6-4F50-A2E8-1054D9F0C78D}.Release|Any CPU.ActiveCfg = Release|Any CPU
		{4A36B168-4ED6-4F50-A2E8-1054D9F0C78D}.Release|Any CPU.Build.0 = Release|Any CPU
		{6BFDB0D8-8A03-4E46-9CCE-56CABD2B08FA}.Debug|Any CPU.ActiveCfg = Debug|Any CPU
		{6BFDB0D8-8A03-4E46-9CCE-56CABD2B08FA}.Debug|Any CPU.Build.0 = Debug|Any CPU
		{6BFDB0D8-8A03-4E46-9CCE-56CABD2B08FA}.Release|Any CPU.ActiveCfg = Release|Any CPU
		{6BFDB0D8-8A03-4E46-9CCE-56CABD2B08FA}.Release|Any CPU.Build.0 = Release|Any CPU
	EndGlobalSection
EndGlobal
